{
  "name": "vue3-spa-ts",
  "version": "0.0.0",
  "lockfileVersion": 2,
  "requires": true,
  "packages": {
    "": {
      "name": "vue3-spa-ts",
      "version": "0.0.0",
      "dependencies": {
        "@unhead/vue": "^1.7.4",
        "cross-fetch": "^4.0.0",
        "http-assert-plus": "^2.0.1",
        "lodash": "^4.17.21",
        "vue": "^3.3.4",
        "vue-router": "^4.2.5"
      },
      "devDependencies": {
        "@types/lodash": "^4.14.200",
        "@vitejs/plugin-vue": "^4.4.0",
        "ts-node": "^10.9.1",
        "typescript": "^5.2.2",
        "vite": "^4.4.5",
        "vue-tsc": "^1.8.5"
      }
    },
    "node_modules/@babel/parser": {
      "version": "7.23.0",
      "license": "MIT",
      "bin": {
        "parser": "bin/babel-parser.js"
      },
      "engines": {
        "node": ">=6.0.0"
      }
    },
    "node_modules/@cspotcode/source-map-support": {
      "version": "0.8.1",
      "dev": true,
      "license": "MIT",
      "dependencies": {
        "@jridgewell/trace-mapping": "0.3.9"
      },
      "engines": {
        "node": ">=12"
      }
    },
    "node_modules/@esbuild/darwin-arm64": {
      "version": "0.18.20",
      "cpu": [
        "arm64"
      ],
      "dev": true,
      "license": "MIT",
      "optional": true,
      "os": [
        "darwin"
      ],
      "engines": {
        "node": ">=12"
      }
    },
    "node_modules/@jridgewell/resolve-uri": {
      "version": "3.1.1",
      "dev": true,
      "license": "MIT",
      "engines": {
        "node": ">=6.0.0"
      }
    },
    "node_modules/@jridgewell/sourcemap-codec": {
      "version": "1.4.15",
      "license": "MIT"
    },
    "node_modules/@jridgewell/trace-mapping": {
      "version": "0.3.9",
      "dev": true,
      "license": "MIT",
      "dependencies": {
        "@jridgewell/resolve-uri": "^3.0.3",
        "@jridgewell/sourcemap-codec": "^1.4.10"
      }
    },
    "node_modules/@tsconfig/node10": {
      "version": "1.0.9",
      "dev": true,
      "license": "MIT"
    },
    "node_modules/@tsconfig/node12": {
      "version": "1.0.11",
      "dev": true,
      "license": "MIT"
    },
    "node_modules/@tsconfig/node14": {
      "version": "1.0.3",
      "dev": true,
      "license": "MIT"
    },
    "node_modules/@tsconfig/node16": {
      "version": "1.0.4",
      "dev": true,
      "license": "MIT"
    },
    "node_modules/@types/lodash": {
      "version": "4.14.200",
      "dev": true,
      "license": "MIT"
    },
    "node_modules/@types/node": {
      "version": "20.8.7",
      "dev": true,
      "license": "MIT",
      "peer": true,
      "dependencies": {
        "undici-types": "~5.25.1"
      }
    },
    "node_modules/@unhead/dom": {
      "version": "1.7.4",
      "license": "MIT",
      "dependencies": {
        "@unhead/schema": "1.7.4",
        "@unhead/shared": "1.7.4"
      },
      "funding": {
        "url": "https://github.com/sponsors/harlan-zw"
      }
    },
    "node_modules/@unhead/schema": {
      "version": "1.7.4",
      "license": "MIT",
      "dependencies": {
        "hookable": "^5.5.3",
        "zhead": "^2.1.1"
      },
      "funding": {
        "url": "https://github.com/sponsors/harlan-zw"
      }
    },
    "node_modules/@unhead/shared": {
      "version": "1.7.4",
      "license": "MIT",
      "dependencies": {
        "@unhead/schema": "1.7.4"
      },
      "funding": {
        "url": "https://github.com/sponsors/harlan-zw"
      }
    },
    "node_modules/@unhead/vue": {
      "version": "1.7.4",
      "license": "MIT",
      "dependencies": {
        "@unhead/schema": "1.7.4",
        "@unhead/shared": "1.7.4",
        "hookable": "^5.5.3",
        "unhead": "1.7.4"
      },
      "funding": {
        "url": "https://github.com/sponsors/harlan-zw"
      },
      "peerDependencies": {
        "vue": ">=2.7 || >=3"
      }
    },
    "node_modules/@vitejs/plugin-vue": {
      "version": "4.4.0",
      "dev": true,
      "license": "MIT",
      "engines": {
        "node": "^14.18.0 || >=16.0.0"
      },
      "peerDependencies": {
        "vite": "^4.0.0",
        "vue": "^3.2.25"
      }
    },
    "node_modules/@volar/language-core": {
      "version": "1.10.4",
      "dev": true,
      "license": "MIT",
      "dependencies": {
        "@volar/source-map": "1.10.4"
      }
    },
    "node_modules/@volar/source-map": {
      "version": "1.10.4",
      "dev": true,
      "license": "MIT",
      "dependencies": {
        "muggle-string": "^0.3.1"
      }
    },
    "node_modules/@volar/typescript": {
      "version": "1.10.4",
      "dev": true,
      "license": "MIT",
      "dependencies": {
        "@volar/language-core": "1.10.4"
      }
    },
    "node_modules/@vue/compiler-core": {
      "version": "3.3.6",
      "license": "MIT",
      "dependencies": {
        "@babel/parser": "^7.23.0",
        "@vue/shared": "3.3.6",
        "estree-walker": "^2.0.2",
        "source-map-js": "^1.0.2"
      }
    },
    "node_modules/@vue/compiler-dom": {
      "version": "3.3.6",
      "license": "MIT",
      "dependencies": {
        "@vue/compiler-core": "3.3.6",
        "@vue/shared": "3.3.6"
      }
    },
    "node_modules/@vue/compiler-sfc": {
      "version": "3.3.6",
      "license": "MIT",
      "dependencies": {
        "@babel/parser": "^7.23.0",
        "@vue/compiler-core": "3.3.6",
        "@vue/compiler-dom": "3.3.6",
        "@vue/compiler-ssr": "3.3.6",
        "@vue/reactivity-transform": "3.3.6",
        "@vue/shared": "3.3.6",
        "estree-walker": "^2.0.2",
        "magic-string": "^0.30.5",
        "postcss": "^8.4.31",
        "source-map-js": "^1.0.2"
      }
    },
    "node_modules/@vue/compiler-ssr": {
      "version": "3.3.6",
      "license": "MIT",
      "dependencies": {
        "@vue/compiler-dom": "3.3.6",
        "@vue/shared": "3.3.6"
      }
    },
    "node_modules/@vue/devtools-api": {
      "version": "6.5.1",
      "license": "MIT"
    },
    "node_modules/@vue/language-core": {
      "version": "1.8.19",
      "dev": true,
      "license": "MIT",
      "dependencies": {
        "@volar/language-core": "~1.10.4",
        "@volar/source-map": "~1.10.4",
        "@vue/compiler-dom": "^3.3.0",
        "@vue/reactivity": "^3.3.0",
        "@vue/shared": "^3.3.0",
        "minimatch": "^9.0.3",
        "muggle-string": "^0.3.1",
        "vue-template-compiler": "^2.7.14"
      },
      "peerDependencies": {
        "typescript": "*"
      },
      "peerDependenciesMeta": {
        "typescript": {
          "optional": true
        }
      }
    },
    "node_modules/@vue/reactivity": {
      "version": "3.3.6",
      "license": "MIT",
      "dependencies": {
        "@vue/shared": "3.3.6"
      }
    },
    "node_modules/@vue/reactivity-transform": {
      "version": "3.3.6",
      "license": "MIT",
      "dependencies": {
        "@babel/parser": "^7.23.0",
        "@vue/compiler-core": "3.3.6",
        "@vue/shared": "3.3.6",
        "estree-walker": "^2.0.2",
        "magic-string": "^0.30.5"
      }
    },
    "node_modules/@vue/runtime-core": {
      "version": "3.3.6",
      "license": "MIT",
      "dependencies": {
        "@vue/reactivity": "3.3.6",
        "@vue/shared": "3.3.6"
      }
    },
    "node_modules/@vue/runtime-dom": {
      "version": "3.3.6",
      "license": "MIT",
      "dependencies": {
        "@vue/runtime-core": "3.3.6",
        "@vue/shared": "3.3.6",
        "csstype": "^3.1.2"
      }
    },
    "node_modules/@vue/server-renderer": {
      "version": "3.3.6",
      "license": "MIT",
      "dependencies": {
        "@vue/compiler-ssr": "3.3.6",
        "@vue/shared": "3.3.6"
      },
      "peerDependencies": {
        "vue": "3.3.6"
      }
    },
    "node_modules/@vue/shared": {
      "version": "3.3.6",
      "license": "MIT"
    },
    "node_modules/@vue/typescript": {
      "version": "1.8.19",
      "dev": true,
      "license": "MIT",
      "dependencies": {
        "@volar/typescript": "~1.10.4",
        "@vue/language-core": "1.8.19"
      }
    },
    "node_modules/acorn": {
      "version": "8.10.0",
      "dev": true,
      "license": "MIT",
      "bin": {
        "acorn": "bin/acorn"
      },
      "engines": {
        "node": ">=0.4.0"
      }
    },
    "node_modules/acorn-walk": {
      "version": "8.2.0",
      "dev": true,
      "license": "MIT",
      "engines": {
        "node": ">=0.4.0"
      }
    },
    "node_modules/arg": {
      "version": "4.1.3",
      "dev": true,
      "license": "MIT"
    },
    "node_modules/balanced-match": {
      "version": "1.0.2",
      "dev": true,
      "license": "MIT"
    },
    "node_modules/brace-expansion": {
      "version": "2.0.1",
      "dev": true,
      "license": "MIT",
      "dependencies": {
        "balanced-match": "^1.0.0"
      }
    },
    "node_modules/create-require": {
      "version": "1.1.1",
      "dev": true,
      "license": "MIT"
    },
    "node_modules/cross-fetch": {
      "version": "4.0.0",
      "license": "MIT",
      "dependencies": {
        "node-fetch": "^2.6.12"
      }
    },
    "node_modules/csstype": {
      "version": "3.1.2",
      "license": "MIT"
    },
    "node_modules/de-indent": {
      "version": "1.0.2",
      "dev": true,
      "license": "MIT"
    },
    "node_modules/diff": {
      "version": "4.0.2",
      "dev": true,
      "license": "BSD-3-Clause",
      "engines": {
        "node": ">=0.3.1"
      }
    },
    "node_modules/esbuild": {
      "version": "0.18.20",
      "dev": true,
      "hasInstallScript": true,
      "license": "MIT",
      "bin": {
        "esbuild": "bin/esbuild"
      },
      "engines": {
        "node": ">=12"
      },
      "optionalDependencies": {
        "@esbuild/android-arm": "0.18.20",
        "@esbuild/android-arm64": "0.18.20",
        "@esbuild/android-x64": "0.18.20",
        "@esbuild/darwin-arm64": "0.18.20",
        "@esbuild/darwin-x64": "0.18.20",
        "@esbuild/freebsd-arm64": "0.18.20",
        "@esbuild/freebsd-x64": "0.18.20",
        "@esbuild/linux-arm": "0.18.20",
        "@esbuild/linux-arm64": "0.18.20",
        "@esbuild/linux-ia32": "0.18.20",
        "@esbuild/linux-loong64": "0.18.20",
        "@esbuild/linux-mips64el": "0.18.20",
        "@esbuild/linux-ppc64": "0.18.20",
        "@esbuild/linux-riscv64": "0.18.20",
        "@esbuild/linux-s390x": "0.18.20",
        "@esbuild/linux-x64": "0.18.20",
        "@esbuild/netbsd-x64": "0.18.20",
        "@esbuild/openbsd-x64": "0.18.20",
        "@esbuild/sunos-x64": "0.18.20",
        "@esbuild/win32-arm64": "0.18.20",
        "@esbuild/win32-ia32": "0.18.20",
        "@esbuild/win32-x64": "0.18.20"
      }
    },
    "node_modules/estree-walker": {
      "version": "2.0.2",
      "license": "MIT"
    },
    "node_modules/fsevents": {
      "version": "2.3.3",
      "dev": true,
      "license": "MIT",
      "optional": true,
      "os": [
        "darwin"
      ],
      "engines": {
        "node": "^8.16.0 || ^10.6.0 || >=11.0.0"
      }
    },
    "node_modules/he": {
      "version": "1.2.0",
      "dev": true,
      "license": "MIT",
      "bin": {
        "he": "bin/he"
      }
    },
    "node_modules/hookable": {
      "version": "5.5.3",
      "license": "MIT"
    },
    "node_modules/http-assert-plus": {
      "version": "2.0.1",
      "license": "MIT",
      "engines": {
        "node": ">= 12.0.0",
        "npm": ">= 6.0.0"
      }
    },
    "node_modules/lodash": {
      "version": "4.17.21",
      "license": "MIT"
    },
    "node_modules/lru-cache": {
      "version": "6.0.0",
      "dev": true,
      "license": "ISC",
      "dependencies": {
        "yallist": "^4.0.0"
      },
      "engines": {
        "node": ">=10"
      }
    },
    "node_modules/magic-string": {
      "version": "0.30.5",
      "license": "MIT",
      "dependencies": {
        "@jridgewell/sourcemap-codec": "^1.4.15"
      },
      "engines": {
        "node": ">=12"
      }
    },
    "node_modules/make-error": {
      "version": "1.3.6",
      "dev": true,
      "license": "ISC"
    },
    "node_modules/minimatch": {
      "version": "9.0.3",
      "dev": true,
      "license": "ISC",
      "dependencies": {
        "brace-expansion": "^2.0.1"
      },
      "engines": {
        "node": ">=16 || 14 >=14.17"
      },
      "funding": {
        "url": "https://github.com/sponsors/isaacs"
      }
    },
    "node_modules/muggle-string": {
      "version": "0.3.1",
      "dev": true,
      "license": "MIT"
    },
    "node_modules/nanoid": {
      "version": "3.3.6",
      "funding": [
        {
          "type": "github",
          "url": "https://github.com/sponsors/ai"
        }
      ],
      "license": "MIT",
      "bin": {
        "nanoid": "bin/nanoid.cjs"
      },
      "engines": {
        "node": "^10 || ^12 || ^13.7 || ^14 || >=15.0.1"
      }
    },
    "node_modules/node-fetch": {
      "version": "2.7.0",
      "license": "MIT",
      "dependencies": {
        "whatwg-url": "^5.0.0"
      },
      "engines": {
        "node": "4.x || >=6.0.0"
      },
      "peerDependencies": {
        "encoding": "^0.1.0"
      },
      "peerDependenciesMeta": {
        "encoding": {
          "optional": true
        }
      }
    },
    "node_modules/picocolors": {
      "version": "1.0.0",
      "license": "ISC"
    },
    "node_modules/postcss": {
      "version": "8.4.31",
      "funding": [
        {
          "type": "opencollective",
          "url": "https://opencollective.com/postcss/"
        },
        {
          "type": "tidelift",
          "url": "https://tidelift.com/funding/github/npm/postcss"
        },
        {
          "type": "github",
          "url": "https://github.com/sponsors/ai"
        }
      ],
      "license": "MIT",
      "dependencies": {
        "nanoid": "^3.3.6",
        "picocolors": "^1.0.0",
        "source-map-js": "^1.0.2"
      },
      "engines": {
        "node": "^10 || ^12 || >=14"
      }
    },
    "node_modules/rollup": {
      "version": "3.29.4",
      "dev": true,
      "license": "MIT",
      "bin": {
        "rollup": "dist/bin/rollup"
      },
      "engines": {
        "node": ">=14.18.0",
        "npm": ">=8.0.0"
      },
      "optionalDependencies": {
        "fsevents": "~2.3.2"
      }
    },
    "node_modules/semver": {
      "version": "7.5.4",
      "dev": true,
      "license": "ISC",
      "dependencies": {
        "lru-cache": "^6.0.0"
      },
      "bin": {
        "semver": "bin/semver.js"
      },
      "engines": {
        "node": ">=10"
      }
    },
    "node_modules/source-map-js": {
      "version": "1.0.2",
      "license": "BSD-3-Clause",
      "engines": {
        "node": ">=0.10.0"
      }
    },
    "node_modules/tr46": {
      "version": "0.0.3",
      "license": "MIT"
    },
    "node_modules/ts-node": {
      "version": "10.9.1",
      "dev": true,
      "license": "MIT",
      "dependencies": {
        "@cspotcode/source-map-support": "^0.8.0",
        "@tsconfig/node10": "^1.0.7",
        "@tsconfig/node12": "^1.0.7",
        "@tsconfig/node14": "^1.0.0",
        "@tsconfig/node16": "^1.0.2",
        "acorn": "^8.4.1",
        "acorn-walk": "^8.1.1",
        "arg": "^4.1.0",
        "create-require": "^1.1.0",
        "diff": "^4.0.1",
        "make-error": "^1.1.1",
        "v8-compile-cache-lib": "^3.0.1",
        "yn": "3.1.1"
      },
      "bin": {
        "ts-node": "dist/bin.js",
        "ts-node-cwd": "dist/bin-cwd.js",
        "ts-node-esm": "dist/bin-esm.js",
        "ts-node-script": "dist/bin-script.js",
        "ts-node-transpile-only": "dist/bin-transpile.js",
        "ts-script": "dist/bin-script-deprecated.js"
      },
      "peerDependencies": {
        "@swc/core": ">=1.2.50",
        "@swc/wasm": ">=1.2.50",
        "@types/node": "*",
        "typescript": ">=2.7"
      },
      "peerDependenciesMeta": {
        "@swc/core": {
          "optional": true
        },
        "@swc/wasm": {
          "optional": true
        }
      }
    },
    "node_modules/typescript": {
      "version": "5.2.2",
      "devOptional": true,
      "license": "Apache-2.0",
      "bin": {
        "tsc": "bin/tsc",
        "tsserver": "bin/tsserver"
      },
      "engines": {
        "node": ">=14.17"
      }
    },
    "node_modules/undici-types": {
      "version": "5.25.3",
      "dev": true,
      "license": "MIT",
      "peer": true
    },
    "node_modules/unhead": {
      "version": "1.7.4",
      "license": "MIT",
      "dependencies": {
        "@unhead/dom": "1.7.4",
        "@unhead/schema": "1.7.4",
        "@unhead/shared": "1.7.4",
        "hookable": "^5.5.3"
      },
      "funding": {
        "url": "https://github.com/sponsors/harlan-zw"
      }
    },
    "node_modules/v8-compile-cache-lib": {
      "version": "3.0.1",
      "dev": true,
      "license": "MIT"
    },
    "node_modules/vite": {
      "version": "4.5.0",
      "dev": true,
      "license": "MIT",
      "dependencies": {
        "esbuild": "^0.18.10",
        "postcss": "^8.4.27",
        "rollup": "^3.27.1"
      },
      "bin": {
        "vite": "bin/vite.js"
      },
      "engines": {
        "node": "^14.18.0 || >=16.0.0"
      },
      "funding": {
        "url": "https://github.com/vitejs/vite?sponsor=1"
      },
      "optionalDependencies": {
        "fsevents": "~2.3.2"
      },
      "peerDependencies": {
        "@types/node": ">= 14",
        "less": "*",
        "lightningcss": "^1.21.0",
        "sass": "*",
        "stylus": "*",
        "sugarss": "*",
        "terser": "^5.4.0"
      },
      "peerDependenciesMeta": {
        "@types/node": {
          "optional": true
        },
        "less": {
          "optional": true
        },
        "lightningcss": {
          "optional": true
        },
        "sass": {
          "optional": true
        },
        "stylus": {
          "optional": true
        },
        "sugarss": {
          "optional": true
        },
        "terser": {
          "optional": true
        }
      }
    },
    "node_modules/vue": {
      "version": "3.3.6",
      "license": "MIT",
      "dependencies": {
        "@vue/compiler-dom": "3.3.6",
        "@vue/compiler-sfc": "3.3.6",
        "@vue/runtime-dom": "3.3.6",
        "@vue/server-renderer": "3.3.6",
        "@vue/shared": "3.3.6"
      },
      "peerDependencies": {
        "typescript": "*"
      },
      "peerDependenciesMeta": {
        "typescript": {
          "optional": true
        }
      }
    },
    "node_modules/vue-router": {
      "version": "4.2.5",
      "license": "MIT",
      "dependencies": {
        "@vue/devtools-api": "^6.5.0"
      },
      "funding": {
        "url": "https://github.com/sponsors/posva"
      },
      "peerDependencies": {
        "vue": "^3.2.0"
      }
    },
    "node_modules/vue-template-compiler": {
      "version": "2.7.14",
      "dev": true,
      "license": "MIT",
      "dependencies": {
        "de-indent": "^1.0.2",
        "he": "^1.2.0"
      }
    },
    "node_modules/vue-tsc": {
      "version": "1.8.19",
      "dev": true,
      "license": "MIT",
      "dependencies": {
        "@vue/language-core": "1.8.19",
        "@vue/typescript": "1.8.19",
        "semver": "^7.5.4"
      },
      "bin": {
        "vue-tsc": "bin/vue-tsc.js"
      },
      "peerDependencies": {
        "typescript": "*"
      }
    },
    "node_modules/webidl-conversions": {
      "version": "3.0.1",
      "license": "BSD-2-Clause"
    },
    "node_modules/whatwg-url": {
      "version": "5.0.0",
      "license": "MIT",
      "dependencies": {
        "tr46": "~0.0.3",
        "webidl-conversions": "^3.0.0"
      }
    },
    "node_modules/yallist": {
      "version": "4.0.0",
      "dev": true,
      "license": "ISC"
    },
    "node_modules/yn": {
      "version": "3.1.1",
      "dev": true,
      "license": "MIT",
      "engines": {
        "node": ">=6"
      }
    },
    "node_modules/zhead": {
      "version": "2.2.0",
      "license": "MIT",
      "funding": {
        "url": "https://github.com/sponsors/harlan-zw"
      }
    }
  },
  "dependencies": {
    "@babel/parser": {
      "version": "7.23.0"
    },
    "@cspotcode/source-map-support": {
      "version": "0.8.1",
      "dev": true,
      "requires": {
        "@jridgewell/trace-mapping": "0.3.9"
      }
    },
    "@esbuild/darwin-arm64": {
      "version": "0.18.20",
      "dev": true,
      "optional": true
    },
    "@jridgewell/resolve-uri": {
      "version": "3.1.1",
      "dev": true
    },
    "@jridgewell/sourcemap-codec": {
      "version": "1.4.15"
    },
    "@jridgewell/trace-mapping": {
      "version": "0.3.9",
      "dev": true,
      "requires": {
        "@jridgewell/resolve-uri": "^3.0.3",
        "@jridgewell/sourcemap-codec": "^1.4.10"
      }
    },
    "@tsconfig/node10": {
      "version": "1.0.9",
      "dev": true
    },
    "@tsconfig/node12": {
      "version": "1.0.11",
      "dev": true
    },
    "@tsconfig/node14": {
      "version": "1.0.3",
      "dev": true
    },
    "@tsconfig/node16": {
      "version": "1.0.4",
      "dev": true
    },
    "@types/lodash": {
      "version": "4.14.200",
      "dev": true
    },
    "@types/node": {
      "version": "20.8.7",
      "dev": true,
      "peer": true,
      "requires": {
        "undici-types": "~5.25.1"
      }
    },
    "@unhead/dom": {
      "version": "1.7.4",
      "requires": {
        "@unhead/schema": "1.7.4",
        "@unhead/shared": "1.7.4"
      }
    },
    "@unhead/schema": {
      "version": "1.7.4",
      "requires": {
        "hookable": "^5.5.3",
        "zhead": "^2.1.1"
      }
    },
    "@unhead/shared": {
      "version": "1.7.4",
      "requires": {
        "@unhead/schema": "1.7.4"
      }
    },
    "@unhead/vue": {
      "version": "1.7.4",
      "requires": {
        "@unhead/schema": "1.7.4",
        "@unhead/shared": "1.7.4",
        "hookable": "^5.5.3",
        "unhead": "1.7.4"
      }
    },
    "@vitejs/plugin-vue": {
      "version": "4.4.0",
      "dev": true,
      "requires": {}
    },
    "@volar/language-core": {
      "version": "1.10.4",
      "dev": true,
      "requires": {
        "@volar/source-map": "1.10.4"
      }
    },
    "@volar/source-map": {
      "version": "1.10.4",
      "dev": true,
      "requires": {
        "muggle-string": "^0.3.1"
      }
    },
    "@volar/typescript": {
      "version": "1.10.4",
      "dev": true,
      "requires": {
        "@volar/language-core": "1.10.4"
      }
    },
    "@vue/compiler-core": {
      "version": "3.3.6",
      "requires": {
        "@babel/parser": "^7.23.0",
        "@vue/shared": "3.3.6",
        "estree-walker": "^2.0.2",
        "source-map-js": "^1.0.2"
      }
    },
    "@vue/compiler-dom": {
      "version": "3.3.6",
      "requires": {
        "@vue/compiler-core": "3.3.6",
        "@vue/shared": "3.3.6"
      }
    },
    "@vue/compiler-sfc": {
      "version": "3.3.6",
      "requires": {
        "@babel/parser": "^7.23.0",
        "@vue/compiler-core": "3.3.6",
        "@vue/compiler-dom": "3.3.6",
        "@vue/compiler-ssr": "3.3.6",
        "@vue/reactivity-transform": "3.3.6",
        "@vue/shared": "3.3.6",
        "estree-walker": "^2.0.2",
        "magic-string": "^0.30.5",
        "postcss": "^8.4.31",
        "source-map-js": "^1.0.2"
      }
    },
    "@vue/compiler-ssr": {
      "version": "3.3.6",
      "requires": {
        "@vue/compiler-dom": "3.3.6",
        "@vue/shared": "3.3.6"
      }
    },
    "@vue/devtools-api": {
      "version": "6.5.1"
    },
    "@vue/language-core": {
      "version": "1.8.19",
      "dev": true,
      "requires": {
        "@volar/language-core": "~1.10.4",
        "@volar/source-map": "~1.10.4",
        "@vue/compiler-dom": "^3.3.0",
        "@vue/reactivity": "^3.3.0",
        "@vue/shared": "^3.3.0",
        "minimatch": "^9.0.3",
        "muggle-string": "^0.3.1",
        "vue-template-compiler": "^2.7.14"
      }
    },
    "@vue/reactivity": {
      "version": "3.3.6",
      "requires": {
        "@vue/shared": "3.3.6"
      }
    },
    "@vue/reactivity-transform": {
      "version": "3.3.6",
      "requires": {
        "@babel/parser": "^7.23.0",
        "@vue/compiler-core": "3.3.6",
        "@vue/shared": "3.3.6",
        "estree-walker": "^2.0.2",
        "magic-string": "^0.30.5"
      }
    },
    "@vue/runtime-core": {
      "version": "3.3.6",
      "requires": {
        "@vue/reactivity": "3.3.6",
        "@vue/shared": "3.3.6"
      }
    },
    "@vue/runtime-dom": {
      "version": "3.3.6",
      "requires": {
        "@vue/runtime-core": "3.3.6",
        "@vue/shared": "3.3.6",
        "csstype": "^3.1.2"
      }
    },
    "@vue/server-renderer": {
      "version": "3.3.6",
      "requires": {
        "@vue/compiler-ssr": "3.3.6",
        "@vue/shared": "3.3.6"
      }
    },
    "@vue/shared": {
      "version": "3.3.6"
    },
    "@vue/typescript": {
      "version": "1.8.19",
      "dev": true,
      "requires": {
        "@volar/typescript": "~1.10.4",
        "@vue/language-core": "1.8.19"
      }
    },
    "acorn": {
      "version": "8.10.0",
      "dev": true
    },
    "acorn-walk": {
      "version": "8.2.0",
      "dev": true
    },
    "arg": {
      "version": "4.1.3",
      "dev": true
    },
    "balanced-match": {
      "version": "1.0.2",
      "dev": true
    },
    "brace-expansion": {
      "version": "2.0.1",
      "dev": true,
      "requires": {
        "balanced-match": "^1.0.0"
      }
    },
    "create-require": {
      "version": "1.1.1",
      "dev": true
    },
    "cross-fetch": {
      "version": "4.0.0",
      "requires": {
        "node-fetch": "^2.6.12"
      }
    },
    "csstype": {
      "version": "3.1.2"
    },
    "de-indent": {
      "version": "1.0.2",
      "dev": true
    },
    "diff": {
      "version": "4.0.2",
      "dev": true
    },
    "esbuild": {
      "version": "0.18.20",
      "dev": true,
      "requires": {
        "@esbuild/android-arm": "0.18.20",
        "@esbuild/android-arm64": "0.18.20",
        "@esbuild/android-x64": "0.18.20",
        "@esbuild/darwin-arm64": "0.18.20",
        "@esbuild/darwin-x64": "0.18.20",
        "@esbuild/freebsd-arm64": "0.18.20",
        "@esbuild/freebsd-x64": "0.18.20",
        "@esbuild/linux-arm": "0.18.20",
        "@esbuild/linux-arm64": "0.18.20",
        "@esbuild/linux-ia32": "0.18.20",
        "@esbuild/linux-loong64": "0.18.20",
        "@esbuild/linux-mips64el": "0.18.20",
        "@esbuild/linux-ppc64": "0.18.20",
        "@esbuild/linux-riscv64": "0.18.20",
        "@esbuild/linux-s390x": "0.18.20",
        "@esbuild/linux-x64": "0.18.20",
        "@esbuild/netbsd-x64": "0.18.20",
        "@esbuild/openbsd-x64": "0.18.20",
        "@esbuild/sunos-x64": "0.18.20",
        "@esbuild/win32-arm64": "0.18.20",
        "@esbuild/win32-ia32": "0.18.20",
        "@esbuild/win32-x64": "0.18.20"
      }
    },
    "estree-walker": {
      "version": "2.0.2"
    },
    "fsevents": {
      "version": "2.3.3",
      "dev": true,
      "optional": true
    },
    "he": {
      "version": "1.2.0",
      "dev": true
    },
    "hookable": {
      "version": "5.5.3"
    },
    "http-assert-plus": {
      "version": "2.0.1"
    },
    "lodash": {
      "version": "4.17.21"
    },
    "lru-cache": {
      "version": "6.0.0",
      "dev": true,
      "requires": {
        "yallist": "^4.0.0"
      }
    },
    "magic-string": {
      "version": "0.30.5",
      "requires": {
        "@jridgewell/sourcemap-codec": "^1.4.15"
      }
    },
    "make-error": {
      "version": "1.3.6",
      "dev": true
    },
    "minimatch": {
      "version": "9.0.3",
      "dev": true,
      "requires": {
        "brace-expansion": "^2.0.1"
      }
    },
    "muggle-string": {
      "version": "0.3.1",
      "dev": true
    },
    "nanoid": {
      "version": "3.3.6"
    },
    "node-fetch": {
      "version": "2.7.0",
      "requires": {
        "whatwg-url": "^5.0.0"
      }
    },
    "picocolors": {
      "version": "1.0.0"
    },
    "postcss": {
      "version": "8.4.31",
      "requires": {
        "nanoid": "^3.3.6",
        "picocolors": "^1.0.0",
        "source-map-js": "^1.0.2"
      }
    },
    "rollup": {
      "version": "3.29.4",
      "dev": true,
      "requires": {
        "fsevents": "~2.3.2"
      }
    },
    "semver": {
      "version": "7.5.4",
      "dev": true,
      "requires": {
        "lru-cache": "^6.0.0"
      }
    },
    "source-map-js": {
      "version": "1.0.2"
    },
    "tr46": {
      "version": "0.0.3"
    },
    "ts-node": {
      "version": "10.9.1",
      "dev": true,
      "requires": {
        "@cspotcode/source-map-support": "^0.8.0",
        "@tsconfig/node10": "^1.0.7",
        "@tsconfig/node12": "^1.0.7",
        "@tsconfig/node14": "^1.0.0",
        "@tsconfig/node16": "^1.0.2",
        "acorn": "^8.4.1",
        "acorn-walk": "^8.1.1",
        "arg": "^4.1.0",
        "create-require": "^1.1.0",
        "diff": "^4.0.1",
        "make-error": "^1.1.1",
        "v8-compile-cache-lib": "^3.0.1",
        "yn": "3.1.1"
      }
    },
    "typescript": {
      "version": "5.2.2",
      "devOptional": true
    },
    "undici-types": {
      "version": "5.25.3",
      "dev": true,
      "peer": true
    },
    "unhead": {
      "version": "1.7.4",
      "requires": {
        "@unhead/dom": "1.7.4",
        "@unhead/schema": "1.7.4",
        "@unhead/shared": "1.7.4",
        "hookable": "^5.5.3"
      }
    },
    "v8-compile-cache-lib": {
      "version": "3.0.1",
      "dev": true
    },
    "vite": {
      "version": "4.5.0",
      "dev": true,
      "requires": {
        "esbuild": "^0.18.10",
        "fsevents": "~2.3.2",
        "postcss": "^8.4.27",
        "rollup": "^3.27.1"
      }
    },
    "vue": {
      "version": "3.3.6",
      "requires": {
        "@vue/compiler-dom": "3.3.6",
        "@vue/compiler-sfc": "3.3.6",
        "@vue/runtime-dom": "3.3.6",
        "@vue/server-renderer": "3.3.6",
        "@vue/shared": "3.3.6"
      }
    },
    "vue-router": {
      "version": "4.2.5",
      "requires": {
        "@vue/devtools-api": "^6.5.0"
      }
    },
    "vue-template-compiler": {
      "version": "2.7.14",
      "dev": true,
      "requires": {
        "de-indent": "^1.0.2",
        "he": "^1.2.0"
      }
    },
    "vue-tsc": {
      "version": "1.8.19",
      "dev": true,
      "requires": {
        "@vue/language-core": "1.8.19",
        "@vue/typescript": "1.8.19",
        "semver": "^7.5.4"
      }
    },
    "webidl-conversions": {
      "version": "3.0.1"
    },
    "whatwg-url": {
      "version": "5.0.0",
      "requires": {
        "tr46": "~0.0.3",
        "webidl-conversions": "^3.0.0"
      }
    },
    "yallist": {
      "version": "4.0.0",
      "dev": true
    },
    "yn": {
      "version": "3.1.1",
      "dev": true
    },
    "zhead": {
      "version": "2.2.0"
    }
  }
}
